
Microsoft Visual Studio Solution File, Format Version 12.00
# Visual Studio Version 17
VisualStudioVersion = 17.13.35931.197 d17.13
MinimumVisualStudioVersion = 10.0.40219.1
Project("{FAE04EC0-301F-11D3-BF4B-00C04F79EFBC}") = "SalesWebMvc", "SalesWebMvc\SalesWebMvc.csproj", "{81B5255A-D5CB-4481-B9D2-81C7CCF08125}"
EndProject
Global
	GlobalSection(SolutionConfigurationPlatforms) = preSolution
		Debug|Any CPU = Debug|Any CPU
		Release|Any CPU = Release|Any CPU
	EndGlobalSection
	GlobalSection(ProjectConfigurationPlatforms) = postSolution
		{81B5255A-D5CB-4481-B9D2-81C7CCF08125}.Debug|Any CPU.ActiveCfg = Debug|Any CPU
		{81B5255A-D5CB-4481-B9D2-81C7CCF08125}.Debug|Any CPU.Build.0 = Debug|Any CPU
		{81B5255A-D5CB-4481-B9D2-81C7CCF08125}.Release|Any CPU.ActiveCfg = Release|Any CPU
		{81B5255A-D5CB-4481-B9D2-81C7CCF08125}.Release|Any CPU.Build.0 = Release|Any CPU
	EndGlobalSection
	GlobalSection(SolutionProperties) = preSolution
		HideSolutionNode = FALSE
	EndGlobalSection
	GlobalSection(ExtensibilityGlobals) = postSolution
		SolutionGuid = {CFA73AE6-D818-4A2D-82CA-B9BDE5F8286B}
	EndGlobalSection
EndGlobal
